
Microsoft Visual Studio Solution File, Format Version 12.00
# Visual Studio Version 17
VisualStudioVersion = 17.5.33414.496
MinimumVisualStudioVersion = 10.0.40219.1
Project("{FAE04EC0-301F-11D3-BF4B-00C04F79EFBC}") = "Zdravotni_pojistovna", "Zdravotni_pojistovna\Zdravotni_pojistovna.csproj", "{D72C80F9-BAC4-4024-9AD4-B5B1FC8BEEFF}"
EndProject
Global
	GlobalSection(SolutionConfigurationPlatforms) = preSolution
		Debug|Any CPU = Debug|Any CPU
		Release|Any CPU = Release|Any CPU
	EndGlobalSection
	GlobalSection(ProjectConfigurationPlatforms) = postSolution
		{D72C80F9-BAC4-4024-9AD4-B5B1FC8BEEFF}.Debug|Any CPU.ActiveCfg = Debug|Any CPU
		{D72C80F9-BAC4-4024-9AD4-B5B1FC8BEEFF}.Debug|Any CPU.Build.0 = Debug|Any CPU
		{D72C80F9-BAC4-4024-9AD4-B5B1FC8BEEFF}.Release|Any CPU.ActiveCfg = Release|Any CPU
		{D72C80F9-BAC4-4024-9AD4-B5B1FC8BEEFF}.Release|Any CPU.Build.0 = Release|Any CPU
	EndGlobalSection
	GlobalSection(SolutionProperties) = preSolution
		HideSolutionNode = FALSE
	EndGlobalSection
	GlobalSection(ExtensibilityGlobals) = postSolution
		SolutionGuid = {BAF462C8-7983-4DFF-AE68-724960EB0857}
	EndGlobalSection
EndGlobal
