
Microsoft Visual Studio Solution File, Format Version 12.00
# Visual Studio Version 17
VisualStudioVersion = 17.5.33414.496
MinimumVisualStudioVersion = 10.0.40219.1
Project("{9A19103F-16F7-4668-BE54-9A1E7A4F7556}") = "Entities", "Entities\Entities.csproj", "{D7634320-C61B-4951-96D3-90CCD3E22BE1}"
EndProject
Project("{9A19103F-16F7-4668-BE54-9A1E7A4F7556}") = "Logging", "Logging\Logging.csproj", "{1F1B160F-3BAA-4BA9-999E-B61A33E6DE85}"
EndProject
Project("{FAE04EC0-301F-11D3-BF4B-00C04F79EFBC}") = "Zdravotni_pojistovna", "Zdravotni_pojistovna\Zdravotni_pojistovna.csproj", "{D72C80F9-BAC4-4024-9AD4-B5B1FC8BEEFF}"
EndProject
Global
	GlobalSection(SolutionConfigurationPlatforms) = preSolution
		Debug|Any CPU = Debug|Any CPU
		Release|Any CPU = Release|Any CPU
	EndGlobalSection
	GlobalSection(ProjectConfigurationPlatforms) = postSolution
		{D7634320-C61B-4951-96D3-90CCD3E22BE1}.Debug|Any CPU.ActiveCfg = Debug|Any CPU
		{D7634320-C61B-4951-96D3-90CCD3E22BE1}.Debug|Any CPU.Build.0 = Debug|Any CPU
		{D7634320-C61B-4951-96D3-90CCD3E22BE1}.Release|Any CPU.ActiveCfg = Release|Any CPU
		{D7634320-C61B-4951-96D3-90CCD3E22BE1}.Release|Any CPU.Build.0 = Release|Any CPU
		{1F1B160F-3BAA-4BA9-999E-B61A33E6DE85}.Debug|Any CPU.ActiveCfg = Debug|Any CPU
		{1F1B160F-3BAA-4BA9-999E-B61A33E6DE85}.Debug|Any CPU.Build.0 = Debug|Any CPU
		{1F1B160F-3BAA-4BA9-999E-B61A33E6DE85}.Release|Any CPU.ActiveCfg = Release|Any CPU
		{1F1B160F-3BAA-4BA9-999E-B61A33E6DE85}.Release|Any CPU.Build.0 = Release|Any CPU
		{D72C80F9-BAC4-4024-9AD4-B5B1FC8BEEFF}.Debug|Any CPU.ActiveCfg = Debug|Any CPU
		{D72C80F9-BAC4-4024-9AD4-B5B1FC8BEEFF}.Debug|Any CPU.Build.0 = Debug|Any CPU
		{D72C80F9-BAC4-4024-9AD4-B5B1FC8BEEFF}.Release|Any CPU.ActiveCfg = Release|Any CPU
		{D72C80F9-BAC4-4024-9AD4-B5B1FC8BEEFF}.Release|Any CPU.Build.0 = Release|Any CPU
	EndGlobalSection
	GlobalSection(SolutionProperties) = preSolution
		HideSolutionNode = FALSE
	EndGlobalSection
	GlobalSection(ExtensibilityGlobals) = postSolution
		SolutionGuid = {BAF462C8-7983-4DFF-AE68-724960EB0857}
	EndGlobalSection
EndGlobal
